
Microsoft Visual Studio Solution File, Format Version 12.00
# Visual Studio Version 17
VisualStudioVersion = 17.3.32811.315
MinimumVisualStudioVersion = 10.0.40219.1
Project("{9A19103F-16F7-4668-BE54-9A1E7A4F7556}") = "SoccerManager", "SoccerManager\SoccerManager.csproj", "{D546C6F9-1E65-4776-BDC5-F963D28BE7F7}"
EndProject
Project("{2150E333-8FDC-42A3-9474-1A3956D46DE8}") = "Common", "Common", "{0A3225D2-0A01-430E-B7BC-AEFA5751FDFC}"
EndProject
Project("{9A19103F-16F7-4668-BE54-9A1E7A4F7556}") = "Common", "Common\Common.csproj", "{D0CC8CBD-8E96-49B6-ABE3-B58BEEF402A1}"
EndProject
Project("{2150E333-8FDC-42A3-9474-1A3956D46DE8}") = "Domains", "Domains", "{9808A578-70BB-4186-AEBB-C6E8289A0418}"
EndProject
Project("{2150E333-8FDC-42A3-9474-1A3956D46DE8}") = "Persons", "Persons", "{437AAE42-D506-4B3A-B08E-FF7D625D85D3}"
EndProject
Project("{9A19103F-16F7-4668-BE54-9A1E7A4F7556}") = "Persons.Shared", "Persons.Shared\Persons.Shared.csproj", "{DA1AFF4D-BE4D-490D-A12E-DDFFC8DC21F2}"
EndProject
Project("{2150E333-8FDC-42A3-9474-1A3956D46DE8}") = "Players", "Players", "{377C30FB-D61F-4E4B-ABBE-45F2CCE97D02}"
EndProject
Project("{9A19103F-16F7-4668-BE54-9A1E7A4F7556}") = "Players.Shared", "Domains\Players\Players.Shared\Players.Shared.csproj", "{D48355F7-DE15-49BF-985F-7A557609029A}"
EndProject
Project("{9A19103F-16F7-4668-BE54-9A1E7A4F7556}") = "Players.Server", "Domains\Players\Players.Server\Players.Server.csproj", "{3216E200-B772-40E4-AC84-B775A99D7394}"
EndProject
Project("{2150E333-8FDC-42A3-9474-1A3956D46DE8}") = "Nationalities", "Nationalities", "{D23E5C0E-EEAF-4F93-9FF1-B20434A9A01E}"
EndProject
Project("{9A19103F-16F7-4668-BE54-9A1E7A4F7556}") = "Nationalities.Shared", "Domains\Nationalities\Nationalities.Shared\Nationalities.Shared.csproj", "{73DBDB3D-FFB4-43DC-B0F7-3887F4371923}"
EndProject
Project("{9A19103F-16F7-4668-BE54-9A1E7A4F7556}") = "Nationalities.Server", "Domains\Nationalities\Nationalities.Server\Nationalities.Server.csproj", "{A3326AFD-28AC-4711-B93C-25DF0A1B1387}"
EndProject
Project("{2150E333-8FDC-42A3-9474-1A3956D46DE8}") = "LeagueTeams", "LeagueTeams", "{CC145E91-FB2B-41B7-AB07-193A5A6BF992}"
EndProject
Project("{2150E333-8FDC-42A3-9474-1A3956D46DE8}") = "NationalTeams", "NationalTeams", "{2BE32BB8-920C-4EA5-8834-4FE977597225}"
EndProject
Project("{9A19103F-16F7-4668-BE54-9A1E7A4F7556}") = "LeagueTeams.Server", "Domains\LeagueTeams\LeagueTeams.Server\LeagueTeams.Server.csproj", "{EEE649FE-4F4F-4C2F-A22A-FF969A303301}"
EndProject
Project("{9A19103F-16F7-4668-BE54-9A1E7A4F7556}") = "LeagueTeams.Shared", "Domains\LeagueTeams\LeagueTeams.Shared\LeagueTeams.Shared.csproj", "{B23C2552-A3AD-4E6F-B5F9-7156E29B4912}"
EndProject
Project("{9A19103F-16F7-4668-BE54-9A1E7A4F7556}") = "NationalTeams.Shared", "Domains\NationalTeams\NationalTeams.Shared\NationalTeams.Shared.csproj", "{00516F19-850E-431F-A87A-1970F74A30C5}"
EndProject
Project("{9A19103F-16F7-4668-BE54-9A1E7A4F7556}") = "NationalTeams.Server", "Domains\NationalTeams\NationalTeams.Server\NationalTeams.Server.csproj", "{3723D960-9C00-4032-97EB-4604420CD73A}"
EndProject
Project("{2150E333-8FDC-42A3-9474-1A3956D46DE8}") = "Coaches", "Coaches", "{CD2F251B-2B8F-4712-8D4E-453F33AD83FA}"
EndProject
Project("{9A19103F-16F7-4668-BE54-9A1E7A4F7556}") = "Coaches.Server", "Domains\Coaches\Coaches.Server\Coaches.Server.csproj", "{787F40C9-A4C1-4A0B-A4EF-505577A84946}"
EndProject
Project("{9A19103F-16F7-4668-BE54-9A1E7A4F7556}") = "Coaches.Shared", "Domains\Coaches\Coaches.Shared\Coaches.Shared.csproj", "{C4FC0759-2431-4C5F-9289-D1CB280922D5}"
EndProject
Global
	GlobalSection(SolutionConfigurationPlatforms) = preSolution
		Debug|Any CPU = Debug|Any CPU
		Release|Any CPU = Release|Any CPU
	EndGlobalSection
	GlobalSection(ProjectConfigurationPlatforms) = postSolution
		{D546C6F9-1E65-4776-BDC5-F963D28BE7F7}.Debug|Any CPU.ActiveCfg = Debug|Any CPU
		{D546C6F9-1E65-4776-BDC5-F963D28BE7F7}.Debug|Any CPU.Build.0 = Debug|Any CPU
		{D546C6F9-1E65-4776-BDC5-F963D28BE7F7}.Release|Any CPU.ActiveCfg = Release|Any CPU
		{D546C6F9-1E65-4776-BDC5-F963D28BE7F7}.Release|Any CPU.Build.0 = Release|Any CPU
		{D0CC8CBD-8E96-49B6-ABE3-B58BEEF402A1}.Debug|Any CPU.ActiveCfg = Debug|Any CPU
		{D0CC8CBD-8E96-49B6-ABE3-B58BEEF402A1}.Debug|Any CPU.Build.0 = Debug|Any CPU
		{D0CC8CBD-8E96-49B6-ABE3-B58BEEF402A1}.Release|Any CPU.ActiveCfg = Release|Any CPU
		{D0CC8CBD-8E96-49B6-ABE3-B58BEEF402A1}.Release|Any CPU.Build.0 = Release|Any CPU
		{DA1AFF4D-BE4D-490D-A12E-DDFFC8DC21F2}.Debug|Any CPU.ActiveCfg = Debug|Any CPU
		{DA1AFF4D-BE4D-490D-A12E-DDFFC8DC21F2}.Debug|Any CPU.Build.0 = Debug|Any CPU
		{DA1AFF4D-BE4D-490D-A12E-DDFFC8DC21F2}.Release|Any CPU.ActiveCfg = Release|Any CPU
		{DA1AFF4D-BE4D-490D-A12E-DDFFC8DC21F2}.Release|Any CPU.Build.0 = Release|Any CPU
		{D48355F7-DE15-49BF-985F-7A557609029A}.Debug|Any CPU.ActiveCfg = Debug|Any CPU
		{D48355F7-DE15-49BF-985F-7A557609029A}.Debug|Any CPU.Build.0 = Debug|Any CPU
		{D48355F7-DE15-49BF-985F-7A557609029A}.Release|Any CPU.ActiveCfg = Release|Any CPU
		{D48355F7-DE15-49BF-985F-7A557609029A}.Release|Any CPU.Build.0 = Release|Any CPU
		{3216E200-B772-40E4-AC84-B775A99D7394}.Debug|Any CPU.ActiveCfg = Debug|Any CPU
		{3216E200-B772-40E4-AC84-B775A99D7394}.Debug|Any CPU.Build.0 = Debug|Any CPU
		{3216E200-B772-40E4-AC84-B775A99D7394}.Release|Any CPU.ActiveCfg = Release|Any CPU
		{3216E200-B772-40E4-AC84-B775A99D7394}.Release|Any CPU.Build.0 = Release|Any CPU
		{73DBDB3D-FFB4-43DC-B0F7-3887F4371923}.Debug|Any CPU.ActiveCfg = Debug|Any CPU
		{73DBDB3D-FFB4-43DC-B0F7-3887F4371923}.Debug|Any CPU.Build.0 = Debug|Any CPU
		{73DBDB3D-FFB4-43DC-B0F7-3887F4371923}.Release|Any CPU.ActiveCfg = Release|Any CPU
		{73DBDB3D-FFB4-43DC-B0F7-3887F4371923}.Release|Any CPU.Build.0 = Release|Any CPU
		{A3326AFD-28AC-4711-B93C-25DF0A1B1387}.Debug|Any CPU.ActiveCfg = Debug|Any CPU
		{A3326AFD-28AC-4711-B93C-25DF0A1B1387}.Debug|Any CPU.Build.0 = Debug|Any CPU
		{A3326AFD-28AC-4711-B93C-25DF0A1B1387}.Release|Any CPU.ActiveCfg = Release|Any CPU
		{A3326AFD-28AC-4711-B93C-25DF0A1B1387}.Release|Any CPU.Build.0 = Release|Any CPU
		{EEE649FE-4F4F-4C2F-A22A-FF969A303301}.Debug|Any CPU.ActiveCfg = Debug|Any CPU
		{EEE649FE-4F4F-4C2F-A22A-FF969A303301}.Debug|Any CPU.Build.0 = Debug|Any CPU
		{EEE649FE-4F4F-4C2F-A22A-FF969A303301}.Release|Any CPU.ActiveCfg = Release|Any CPU
		{EEE649FE-4F4F-4C2F-A22A-FF969A303301}.Release|Any CPU.Build.0 = Release|Any CPU
		{B23C2552-A3AD-4E6F-B5F9-7156E29B4912}.Debug|Any CPU.ActiveCfg = Debug|Any CPU
		{B23C2552-A3AD-4E6F-B5F9-7156E29B4912}.Debug|Any CPU.Build.0 = Debug|Any CPU
		{B23C2552-A3AD-4E6F-B5F9-7156E29B4912}.Release|Any CPU.ActiveCfg = Release|Any CPU
		{B23C2552-A3AD-4E6F-B5F9-7156E29B4912}.Release|Any CPU.Build.0 = Release|Any CPU
		{00516F19-850E-431F-A87A-1970F74A30C5}.Debug|Any CPU.ActiveCfg = Debug|Any CPU
		{00516F19-850E-431F-A87A-1970F74A30C5}.Debug|Any CPU.Build.0 = Debug|Any CPU
		{00516F19-850E-431F-A87A-1970F74A30C5}.Release|Any CPU.ActiveCfg = Release|Any CPU
		{00516F19-850E-431F-A87A-1970F74A30C5}.Release|Any CPU.Build.0 = Release|Any CPU
		{3723D960-9C00-4032-97EB-4604420CD73A}.Debug|Any CPU.ActiveCfg = Debug|Any CPU
		{3723D960-9C00-4032-97EB-4604420CD73A}.Debug|Any CPU.Build.0 = Debug|Any CPU
		{3723D960-9C00-4032-97EB-4604420CD73A}.Release|Any CPU.ActiveCfg = Release|Any CPU
		{3723D960-9C00-4032-97EB-4604420CD73A}.Release|Any CPU.Build.0 = Release|Any CPU
		{787F40C9-A4C1-4A0B-A4EF-505577A84946}.Debug|Any CPU.ActiveCfg = Debug|Any CPU
		{787F40C9-A4C1-4A0B-A4EF-505577A84946}.Debug|Any CPU.Build.0 = Debug|Any CPU
		{787F40C9-A4C1-4A0B-A4EF-505577A84946}.Release|Any CPU.ActiveCfg = Release|Any CPU
		{787F40C9-A4C1-4A0B-A4EF-505577A84946}.Release|Any CPU.Build.0 = Release|Any CPU
		{C4FC0759-2431-4C5F-9289-D1CB280922D5}.Debug|Any CPU.ActiveCfg = Debug|Any CPU
		{C4FC0759-2431-4C5F-9289-D1CB280922D5}.Debug|Any CPU.Build.0 = Debug|Any CPU
		{C4FC0759-2431-4C5F-9289-D1CB280922D5}.Release|Any CPU.ActiveCfg = Release|Any CPU
		{C4FC0759-2431-4C5F-9289-D1CB280922D5}.Release|Any CPU.Build.0 = Release|Any CPU
	EndGlobalSection
	GlobalSection(SolutionProperties) = preSolution
		HideSolutionNode = FALSE
	EndGlobalSection
	GlobalSection(NestedProjects) = preSolution
		{D0CC8CBD-8E96-49B6-ABE3-B58BEEF402A1} = {0A3225D2-0A01-430E-B7BC-AEFA5751FDFC}
		{437AAE42-D506-4B3A-B08E-FF7D625D85D3} = {9808A578-70BB-4186-AEBB-C6E8289A0418}
		{DA1AFF4D-BE4D-490D-A12E-DDFFC8DC21F2} = {437AAE42-D506-4B3A-B08E-FF7D625D85D3}
		{377C30FB-D61F-4E4B-ABBE-45F2CCE97D02} = {9808A578-70BB-4186-AEBB-C6E8289A0418}
		{D48355F7-DE15-49BF-985F-7A557609029A} = {377C30FB-D61F-4E4B-ABBE-45F2CCE97D02}
		{3216E200-B772-40E4-AC84-B775A99D7394} = {377C30FB-D61F-4E4B-ABBE-45F2CCE97D02}
		{D23E5C0E-EEAF-4F93-9FF1-B20434A9A01E} = {9808A578-70BB-4186-AEBB-C6E8289A0418}
		{73DBDB3D-FFB4-43DC-B0F7-3887F4371923} = {D23E5C0E-EEAF-4F93-9FF1-B20434A9A01E}
		{A3326AFD-28AC-4711-B93C-25DF0A1B1387} = {D23E5C0E-EEAF-4F93-9FF1-B20434A9A01E}
		{CC145E91-FB2B-41B7-AB07-193A5A6BF992} = {9808A578-70BB-4186-AEBB-C6E8289A0418}
		{2BE32BB8-920C-4EA5-8834-4FE977597225} = {9808A578-70BB-4186-AEBB-C6E8289A0418}
		{EEE649FE-4F4F-4C2F-A22A-FF969A303301} = {CC145E91-FB2B-41B7-AB07-193A5A6BF992}
		{B23C2552-A3AD-4E6F-B5F9-7156E29B4912} = {CC145E91-FB2B-41B7-AB07-193A5A6BF992}
		{00516F19-850E-431F-A87A-1970F74A30C5} = {2BE32BB8-920C-4EA5-8834-4FE977597225}
		{3723D960-9C00-4032-97EB-4604420CD73A} = {2BE32BB8-920C-4EA5-8834-4FE977597225}
		{CD2F251B-2B8F-4712-8D4E-453F33AD83FA} = {9808A578-70BB-4186-AEBB-C6E8289A0418}
		{787F40C9-A4C1-4A0B-A4EF-505577A84946} = {CD2F251B-2B8F-4712-8D4E-453F33AD83FA}
		{C4FC0759-2431-4C5F-9289-D1CB280922D5} = {CD2F251B-2B8F-4712-8D4E-453F33AD83FA}
	EndGlobalSection
	GlobalSection(ExtensibilityGlobals) = postSolution
		SolutionGuid = {963B4767-A53B-4FA5-9D76-4309E91957FB}
	EndGlobalSection
EndGlobal
